<?xml version="1.0" encoding="utf-8"?>
<Project ToolsVersion="4.0" xmlns="http://schemas.microsoft.com/developer/msbuild/2003">
  <ItemGroup>
    <Filter Include="Source Files">
      <UniqueIdentifier>{4FC737F1-C7A5-4376-A066-2A32D752A2FF}</UniqueIdentifier>
      <Extensions>cpp;c;cc;cxx;def;odl;idl;hpj;bat;asm;asmx</Extensions>
    </Filter>
    <Filter Include="Hooks">
      <UniqueIdentifier>{93995380-89BD-4b04-88EB-625FBE52EBFB}</UniqueIdentifier>
      <Extensions>h;hh;hpp;hxx;hm;inl;inc;ipp;xsd</Extensions>
    </Filter>
    <Filter Include="Commands">
      <UniqueIdentifier>{67DA6AB6-F800-4c08-8B7A-83BB121AAD01}</UniqueIdentifier>
      <Extensions>rc;ico;cur;bmp;dlg;rc2;rct;bin;rgs;gif;jpg;jpeg;jpe;resx;tiff;tif;png;wav;mfcribbon-ms</Extensions>
    </Filter>
    <Filter Include="ARK-Server-API">
      <UniqueIdentifier>{d13b071c-9c35-4449-929e-360b899b834f}</UniqueIdentifier>
    </Filter>
    <Filter Include="ARK-Server-API\version">
      <UniqueIdentifier>{102ea71d-acf1-4f32-b97e-8b09135c9c9b}</UniqueIdentifier>
    </Filter>
    <Filter Include="ARK-Server-API\version\Core">
      <UniqueIdentifier>{22caf156-8fb7-481f-8419-3dd27201a193}</UniqueIdentifier>
    </Filter>
    <Filter Include="ARK-Server-API\version\Core\Public">
      <UniqueIdentifier>{41f5f948-4da6-428d-921a-ecc2010db1ff}</UniqueIdentifier>
    </Filter>
    <Filter Include="ARK-Server-API\version\Core\Public\Logger">
      <UniqueIdentifier>{12849bb5-754b-4ec1-997f-45f38b361aee}</UniqueIdentifier>
    </Filter>
    <Filter Include="ARK-Server-API\version\Core\Public\Logger\spdlog">
      <UniqueIdentifier>{a73d358b-354e-4450-a62a-8fd1fc87d633}</UniqueIdentifier>
    </Filter>
    <Filter Include="ARK-Server-API\version\Core\Public\Logger\spdlog\sinks">
      <UniqueIdentifier>{e3ef9ab7-6e54-42bd-bedb-8310f8a77b04}</UniqueIdentifier>
    </Filter>
    <Filter Include="ARK-Server-API\version\Core\Public\Logger\spdlog\fmt">
      <UniqueIdentifier>{91c0cdf2-301c-4f92-a4ce-b37fd39d9728}</UniqueIdentifier>
    </Filter>
    <Filter Include="ARK-Server-API\version\Core\Public\Logger\spdlog\fmt\bundled">
      <UniqueIdentifier>{c297388b-ce3f-44b9-bcad-261efdf5c39c}</UniqueIdentifier>
    </Filter>
    <Filter Include="ARK-Server-API\version\Core\Public\Logger\spdlog\details">
      <UniqueIdentifier>{72f16895-bf44-4b01-85d9-4761929ca8f2}</UniqueIdentifier>
    </Filter>
    <Filter Include="ARK-Server-API\version\Core\Public\Database">
      <UniqueIdentifier>{e94a942b-19ef-4ec7-935c-234d427f4463}</UniqueIdentifier>
    </Filter>
    <Filter Include="ARK-Server-API\version\Core\Public\Ark">
      <UniqueIdentifier>{fb78ed4f-2d97-4a8c-95a0-c664905a7fd8}</UniqueIdentifier>
    </Filter>
    <Filter Include="ARK-Server-API\version\Core\Public\API">
      <UniqueIdentifier>{a9edcc4a-d4d1-4945-a984-11cf015b1397}</UniqueIdentifier>
    </Filter>
    <Filter Include="ARK-Server-API\version\Core\Public\API\UE">
      <UniqueIdentifier>{7628c78c-c09d-402d-9172-3e0d8bc3c3eb}</UniqueIdentifier>
    </Filter>
    <Filter Include="ARK-Server-API\version\Core\Public\API\UE\Windows">
      <UniqueIdentifier>{040d0171-23ea-48a9-a45e-10507ac7c764}</UniqueIdentifier>
    </Filter>
    <Filter Include="ARK-Server-API\version\Core\Public\API\UE\Templates">
      <UniqueIdentifier>{717f2bdd-5b39-404a-8338-976cec89d745}</UniqueIdentifier>
    </Filter>
    <Filter Include="ARK-Server-API\version\Core\Public\API\UE\Misc">
      <UniqueIdentifier>{47b9442f-59f2-4bcb-90b0-6b7dff764855}</UniqueIdentifier>
    </Filter>
    <Filter Include="ARK-Server-API\version\Core\Public\API\UE\Math">
      <UniqueIdentifier>{0d765418-0672-4b76-9051-141758484ac8}</UniqueIdentifier>
    </Filter>
    <Filter Include="ARK-Server-API\version\Core\Public\API\UE\HAL">
      <UniqueIdentifier>{0413eee1-8a65-4db7-b121-43154d18ac87}</UniqueIdentifier>
    </Filter>
    <Filter Include="ARK-Server-API\version\Core\Public\API\UE\GenericPlatform">
      <UniqueIdentifier>{e948d57a-bfa3-44ad-9efe-43e3c14fdb5a}</UniqueIdentifier>
    </Filter>
    <Filter Include="ARK-Server-API\version\Core\Public\API\UE\Delegates">
      <UniqueIdentifier>{0f7452f7-9b48-4b59-91c1-401582e4fed3}</UniqueIdentifier>
    </Filter>
    <Filter Include="ARK-Server-API\version\Core\Public\API\UE\Containers">
      <UniqueIdentifier>{362b8232-a499-482c-94c9-1648f6b9dc24}</UniqueIdentifier>
    </Filter>
    <Filter Include="ARK-Server-API\version\Core\Public\API\UE\Containers\Algo">
      <UniqueIdentifier>{056c7b47-bff7-43bd-8648-3086165d4495}</UniqueIdentifier>
    </Filter>
    <Filter Include="ARK-Server-API\version\Core\Public\API\UE\Containers\Algo\Impl">
      <UniqueIdentifier>{b9cd1175-2c6c-4688-a765-ad38a8c5b012}</UniqueIdentifier>
    </Filter>
    <Filter Include="ARK-Server-API\version\Core\Public\API\ARK">
      <UniqueIdentifier>{8ea4b166-ee89-44f1-8574-67eb9a52825b}</UniqueIdentifier>
    </Filter>
    <Filter Include="ARK-Server-API\out_lib">
      <UniqueIdentifier>{4c47f087-8f45-449b-a0de-7801f3ed3f6b}</UniqueIdentifier>
    </Filter>
    <Filter Include="ARK-Server-API\lib">
      <UniqueIdentifier>{7eb6815f-2b72-4c30-bea5-50adc7b8dfac}</UniqueIdentifier>
    </Filter>
    <Filter Include="ARK-Server-API\include">
      <UniqueIdentifier>{caf6fdd4-49d2-4266-90af-ba39ff93fc91}</UniqueIdentifier>
    </Filter>
    <Filter Include="ARK-Server-API\include\sqllite">
      <UniqueIdentifier>{5b8ca698-d869-4e38-a08b-35e140fded55}</UniqueIdentifier>
    </Filter>
    <Filter Include="ARK-Server-API\include\sqllite\sqlite_modern_cpp">
      <UniqueIdentifier>{6c275c95-133a-4211-b9aa-699821886069}</UniqueIdentifier>
    </Filter>
    <Filter Include="ARK-Server-API\include\sqllite\sqlite_modern_cpp\utility">
      <UniqueIdentifier>{4972d915-039e-4a75-9516-f82ce9adf40b}</UniqueIdentifier>
    </Filter>
    <Filter Include="ARK-Server-API\include\sqllite\sqlite_modern_cpp\lists">
      <UniqueIdentifier>{3130bb97-4c40-47f4-82cc-d01baeed7ab5}</UniqueIdentifier>
    </Filter>
    <Filter Include="ARK-Server-API\include\mysql++11">
      <UniqueIdentifier>{59c2d5d6-da12-487b-9028-6e69783a16fa}</UniqueIdentifier>
    </Filter>
    <Filter Include="ARK-Server-API\include\mysql++11\polyfill">
      <UniqueIdentifier>{c1562799-29b3-4268-83d0-54efbcbf7aa4}</UniqueIdentifier>
    </Filter>
    <Filter Include="ARK-Server-API\include\mysql++11\mysql">
      <UniqueIdentifier>{87dbd225-d202-4bbf-84af-e721762309c6}</UniqueIdentifier>
    </Filter>
    <Filter Include="ARK-Server-API\include\mysql++11\mysql\mysql">
      <UniqueIdentifier>{0af4621a-abf7-4437-ac37-d2a964670af4}</UniqueIdentifier>
    </Filter>
    <Filter Include="ARK-Server-API\include\mysql++11\mysql\mysql\psi">
      <UniqueIdentifier>{df89d512-e2db-4ffa-9947-dbec775a9d4e}</UniqueIdentifier>
    </Filter>
    <Filter Include="ARK-Server-API\include\curl">
      <UniqueIdentifier>{101fd784-2573-4585-ae72-acb94dbe9897}</UniqueIdentifier>
    </Filter>
    <Filter Include="ARK-Server-API\include\curl\curl">
      <UniqueIdentifier>{f33930fe-45c8-4afc-b76e-397cbd9a07ad}</UniqueIdentifier>
    </Filter>
  </ItemGroup>
  <ItemGroup>
    <ClCompile Include="Achievements.cpp">
      <Filter>Source Files</Filter>
    </ClCompile>
    <ClCompile Include="ARK-Server-API\version\Core\Public\Logger\spdlog\fmt\bundled\printf.cc">
      <Filter>ARK-Server-API\version\Core\Public\Logger\spdlog\fmt\bundled</Filter>
    </ClCompile>
    <ClCompile Include="ARK-Server-API\version\Core\Public\Logger\spdlog\fmt\bundled\posix.cc">
      <Filter>ARK-Server-API\version\Core\Public\Logger\spdlog\fmt\bundled</Filter>
    </ClCompile>
    <ClCompile Include="ARK-Server-API\version\Core\Public\Logger\spdlog\fmt\bundled\ostream.cc">
      <Filter>ARK-Server-API\version\Core\Public\Logger\spdlog\fmt\bundled</Filter>
    </ClCompile>
    <ClCompile Include="ARK-Server-API\version\Core\Public\Logger\spdlog\fmt\bundled\format.cc">
      <Filter>ARK-Server-API\version\Core\Public\Logger\spdlog\fmt\bundled</Filter>
    </ClCompile>
  </ItemGroup>
  <ItemGroup>
    <ClInclude Include="Hook_HandleNewPlayer.h">
      <Filter>Hooks</Filter>
    </ClInclude>
    <ClInclude Include="ARK-Server-API\version\Core\Public\Tools.h">
      <Filter>ARK-Server-API\version\Core\Public</Filter>
    </ClInclude>
    <ClInclude Include="ARK-Server-API\version\Core\Public\Timer.h">
      <Filter>ARK-Server-API\version\Core\Public</Filter>
    </ClInclude>
    <ClInclude Include="ARK-Server-API\version\Core\Public\Requests.h">
      <Filter>ARK-Server-API\version\Core\Public</Filter>
    </ClInclude>
    <ClInclude Include="ARK-Server-API\version\Core\Public\Logger\spdlog\tweakme.h">
      <Filter>ARK-Server-API\version\Core\Public\Logger\spdlog</Filter>
    </ClInclude>
    <ClInclude Include="ARK-Server-API\version\Core\Public\Logger\spdlog\spdlog.h">
      <Filter>ARK-Server-API\version\Core\Public\Logger\spdlog</Filter>
    </ClInclude>
    <ClInclude Include="ARK-Server-API\version\Core\Public\Logger\spdlog\sinks\windebug_sink.h">
      <Filter>ARK-Server-API\version\Core\Public\Logger\spdlog\sinks</Filter>
    </ClInclude>
    <ClInclude Include="ARK-Server-API\version\Core\Public\Logger\spdlog\sinks\wincolor_sink.h">
      <Filter>ARK-Server-API\version\Core\Public\Logger\spdlog\sinks</Filter>
    </ClInclude>
    <ClInclude Include="ARK-Server-API\version\Core\Public\Logger\spdlog\sinks\syslog_sink.h">
      <Filter>ARK-Server-API\version\Core\Public\Logger\spdlog\sinks</Filter>
    </ClInclude>
    <ClInclude Include="ARK-Server-API\version\Core\Public\Logger\spdlog\sinks\stdout_sinks.h">
      <Filter>ARK-Server-API\version\Core\Public\Logger\spdlog\sinks</Filter>
    </ClInclude>
    <ClInclude Include="ARK-Server-API\version\Core\Public\Logger\spdlog\sinks\sink.h">
      <Filter>ARK-Server-API\version\Core\Public\Logger\spdlog\sinks</Filter>
    </ClInclude>
    <ClInclude Include="ARK-Server-API\version\Core\Public\Logger\spdlog\sinks\ostream_sink.h">
      <Filter>ARK-Server-API\version\Core\Public\Logger\spdlog\sinks</Filter>
    </ClInclude>
    <ClInclude Include="ARK-Server-API\version\Core\Public\Logger\spdlog\sinks\null_sink.h">
      <Filter>ARK-Server-API\version\Core\Public\Logger\spdlog\sinks</Filter>
    </ClInclude>
    <ClInclude Include="ARK-Server-API\version\Core\Public\Logger\spdlog\sinks\msvc_sink.h">
      <Filter>ARK-Server-API\version\Core\Public\Logger\spdlog\sinks</Filter>
    </ClInclude>
    <ClInclude Include="ARK-Server-API\version\Core\Public\Logger\spdlog\sinks\file_sinks.h">
      <Filter>ARK-Server-API\version\Core\Public\Logger\spdlog\sinks</Filter>
    </ClInclude>
    <ClInclude Include="ARK-Server-API\version\Core\Public\Logger\spdlog\sinks\dist_sink.h">
      <Filter>ARK-Server-API\version\Core\Public\Logger\spdlog\sinks</Filter>
    </ClInclude>
    <ClInclude Include="ARK-Server-API\version\Core\Public\Logger\spdlog\sinks\base_sink.h">
      <Filter>ARK-Server-API\version\Core\Public\Logger\spdlog\sinks</Filter>
    </ClInclude>
    <ClInclude Include="ARK-Server-API\version\Core\Public\Logger\spdlog\sinks\ansicolor_sink.h">
      <Filter>ARK-Server-API\version\Core\Public\Logger\spdlog\sinks</Filter>
    </ClInclude>
    <ClInclude Include="ARK-Server-API\version\Core\Public\Logger\spdlog\sinks\android_sink.h">
      <Filter>ARK-Server-API\version\Core\Public\Logger\spdlog\sinks</Filter>
    </ClInclude>
    <ClInclude Include="ARK-Server-API\version\Core\Public\Logger\spdlog\logger.h">
      <Filter>ARK-Server-API\version\Core\Public\Logger\spdlog</Filter>
    </ClInclude>
    <ClInclude Include="ARK-Server-API\version\Core\Public\Logger\spdlog\formatter.h">
      <Filter>ARK-Server-API\version\Core\Public\Logger\spdlog</Filter>
    </ClInclude>
    <ClInclude Include="ARK-Server-API\version\Core\Public\Logger\spdlog\fmt\ostr.h">
      <Filter>ARK-Server-API\version\Core\Public\Logger\spdlog\fmt</Filter>
    </ClInclude>
    <ClInclude Include="ARK-Server-API\version\Core\Public\Logger\spdlog\fmt\fmt.h">
      <Filter>ARK-Server-API\version\Core\Public\Logger\spdlog\fmt</Filter>
    </ClInclude>
    <ClInclude Include="ARK-Server-API\version\Core\Public\Logger\spdlog\fmt\bundled\time.h">
      <Filter>ARK-Server-API\version\Core\Public\Logger\spdlog\fmt\bundled</Filter>
    </ClInclude>
    <ClInclude Include="ARK-Server-API\version\Core\Public\Logger\spdlog\fmt\bundled\string.h">
      <Filter>ARK-Server-API\version\Core\Public\Logger\spdlog\fmt\bundled</Filter>
    </ClInclude>
    <ClInclude Include="ARK-Server-API\version\Core\Public\Logger\spdlog\fmt\bundled\printf.h">
      <Filter>ARK-Server-API\version\Core\Public\Logger\spdlog\fmt\bundled</Filter>
    </ClInclude>
    <ClInclude Include="ARK-Server-API\version\Core\Public\Logger\spdlog\fmt\bundled\posix.h">
      <Filter>ARK-Server-API\version\Core\Public\Logger\spdlog\fmt\bundled</Filter>
    </ClInclude>
    <ClInclude Include="ARK-Server-API\version\Core\Public\Logger\spdlog\fmt\bundled\ostream.h">
      <Filter>ARK-Server-API\version\Core\Public\Logger\spdlog\fmt\bundled</Filter>
    </ClInclude>
    <ClInclude Include="ARK-Server-API\version\Core\Public\Logger\spdlog\fmt\bundled\format.h">
      <Filter>ARK-Server-API\version\Core\Public\Logger\spdlog\fmt\bundled</Filter>
    </ClInclude>
    <ClInclude Include="ARK-Server-API\version\Core\Public\Logger\spdlog\fmt\bundled\container.h">
      <Filter>ARK-Server-API\version\Core\Public\Logger\spdlog\fmt\bundled</Filter>
    </ClInclude>
    <ClInclude Include="ARK-Server-API\version\Core\Public\Logger\spdlog\details\spdlog_impl.h">
      <Filter>ARK-Server-API\version\Core\Public\Logger\spdlog\details</Filter>
    </ClInclude>
    <ClInclude Include="ARK-Server-API\version\Core\Public\Logger\spdlog\details\registry.h">
      <Filter>ARK-Server-API\version\Core\Public\Logger\spdlog\details</Filter>
    </ClInclude>
    <ClInclude Include="ARK-Server-API\version\Core\Public\Logger\spdlog\details\pattern_formatter_impl.h">
      <Filter>ARK-Server-API\version\Core\Public\Logger\spdlog\details</Filter>
    </ClInclude>
    <ClInclude Include="ARK-Server-API\version\Core\Public\Logger\spdlog\details\os.h">
      <Filter>ARK-Server-API\version\Core\Public\Logger\spdlog\details</Filter>
    </ClInclude>
    <ClInclude Include="ARK-Server-API\version\Core\Public\Logger\spdlog\details\null_mutex.h">
      <Filter>ARK-Server-API\version\Core\Public\Logger\spdlog\details</Filter>
    </ClInclude>
    <ClInclude Include="ARK-Server-API\version\Core\Public\Logger\spdlog\details\mpmc_bounded_q.h">
      <Filter>ARK-Server-API\version\Core\Public\Logger\spdlog\details</Filter>
    </ClInclude>
    <ClInclude Include="ARK-Server-API\version\Core\Public\Logger\spdlog\details\log_msg.h">
      <Filter>ARK-Server-API\version\Core\Public\Logger\spdlog\details</Filter>
    </ClInclude>
    <ClInclude Include="ARK-Server-API\version\Core\Public\Logger\spdlog\details\logger_impl.h">
      <Filter>ARK-Server-API\version\Core\Public\Logger\spdlog\details</Filter>
    </ClInclude>
    <ClInclude Include="ARK-Server-API\version\Core\Public\Logger\spdlog\details\file_helper.h">
      <Filter>ARK-Server-API\version\Core\Public\Logger\spdlog\details</Filter>
    </ClInclude>
    <ClInclude Include="ARK-Server-API\version\Core\Public\Logger\spdlog\details\async_log_helper.h">
      <Filter>ARK-Server-API\version\Core\Public\Logger\spdlog\details</Filter>
    </ClInclude>
    <ClInclude Include="ARK-Server-API\version\Core\Public\Logger\spdlog\details\async_logger_impl.h">
      <Filter>ARK-Server-API\version\Core\Public\Logger\spdlog\details</Filter>
    </ClInclude>
    <ClInclude Include="ARK-Server-API\version\Core\Public\Logger\spdlog\common.h">
      <Filter>ARK-Server-API\version\Core\Public\Logger\spdlog</Filter>
    </ClInclude>
    <ClInclude Include="ARK-Server-API\version\Core\Public\Logger\spdlog\async_logger.h">
      <Filter>ARK-Server-API\version\Core\Public\Logger\spdlog</Filter>
    </ClInclude>
    <ClInclude Include="ARK-Server-API\version\Core\Public\Logger\Logger.h">
      <Filter>ARK-Server-API\version\Core\Public\Logger</Filter>
    </ClInclude>
    <ClInclude Include="ARK-Server-API\version\Core\Public\json.hpp">
      <Filter>ARK-Server-API\version\Core\Public</Filter>
    </ClInclude>
    <ClInclude Include="ARK-Server-API\version\Core\Public\IHooks.h">
      <Filter>ARK-Server-API\version\Core\Public</Filter>
    </ClInclude>
    <ClInclude Include="ARK-Server-API\version\Core\Public\ICommands.h">
      <Filter>ARK-Server-API\version\Core\Public</Filter>
    </ClInclude>
    <ClInclude Include="ARK-Server-API\version\Core\Public\IApiUtils.h">
      <Filter>ARK-Server-API\version\Core\Public</Filter>
    </ClInclude>
    <ClInclude Include="ARK-Server-API\version\Core\Public\Database\Sqllite.h">
      <Filter>ARK-Server-API\version\Core\Public\Database</Filter>
    </ClInclude>
    <ClInclude Include="ARK-Server-API\version\Core\Public\Database\Mysql.h">
      <Filter>ARK-Server-API\version\Core\Public\Database</Filter>
    </ClInclude>
    <ClInclude Include="ARK-Server-API\version\Core\Public\Ark\ArkApiUtils.h">
      <Filter>ARK-Server-API\version\Core\Public\Ark</Filter>
    </ClInclude>
    <ClInclude Include="ARK-Server-API\version\Core\Public\API\UE\Windows\WindowsPlatformAtomics.h">
      <Filter>ARK-Server-API\version\Core\Public\API\UE\Windows</Filter>
    </ClInclude>
    <ClInclude Include="ARK-Server-API\version\Core\Public\API\UE\Windows\MicrosoftPlatformString.h">
      <Filter>ARK-Server-API\version\Core\Public\API\UE\Windows</Filter>
    </ClInclude>
    <ClInclude Include="ARK-Server-API\version\Core\Public\API\UE\UE.h">
      <Filter>ARK-Server-API\version\Core\Public\API\UE</Filter>
    </ClInclude>
    <ClInclude Include="ARK-Server-API\version\Core\Public\API\UE\Templates\UnrealTypeTraits.h">
      <Filter>ARK-Server-API\version\Core\Public\API\UE\Templates</Filter>
    </ClInclude>
    <ClInclude Include="ARK-Server-API\version\Core\Public\API\UE\Templates\UnrealTemplate.h">
      <Filter>ARK-Server-API\version\Core\Public\API\UE\Templates</Filter>
    </ClInclude>
    <ClInclude Include="ARK-Server-API\version\Core\Public\API\UE\Templates\TypeHash.h">
      <Filter>ARK-Server-API\version\Core\Public\API\UE\Templates</Filter>
    </ClInclude>
    <ClInclude Include="ARK-Server-API\version\Core\Public\API\UE\Templates\TypeCompatibleBytes.h">
      <Filter>ARK-Server-API\version\Core\Public\API\UE\Templates</Filter>
    </ClInclude>
    <ClInclude Include="ARK-Server-API\version\Core\Public\API\UE\Templates\Tuple.h">
      <Filter>ARK-Server-API\version\Core\Public\API\UE\Templates</Filter>
    </ClInclude>
    <ClInclude Include="ARK-Server-API\version\Core\Public\API\UE\Templates\Sorting.h">
      <Filter>ARK-Server-API\version\Core\Public\API\UE\Templates</Filter>
    </ClInclude>
    <ClInclude Include="ARK-Server-API\version\Core\Public\API\UE\Templates\SharedPointerInternals.h">
      <Filter>ARK-Server-API\version\Core\Public\API\UE\Templates</Filter>
    </ClInclude>
    <ClInclude Include="ARK-Server-API\version\Core\Public\API\UE\Templates\SharedPointer.h">
      <Filter>ARK-Server-API\version\Core\Public\API\UE\Templates</Filter>
    </ClInclude>
    <ClInclude Include="ARK-Server-API\version\Core\Public\API\UE\Templates\ReversePredicate.h">
      <Filter>ARK-Server-API\version\Core\Public\API\UE\Templates</Filter>
    </ClInclude>
    <ClInclude Include="ARK-Server-API\version\Core\Public\API\UE\Templates\RemoveReference.h">
      <Filter>ARK-Server-API\version\Core\Public\API\UE\Templates</Filter>
    </ClInclude>
    <ClInclude Include="ARK-Server-API\version\Core\Public\API\UE\Templates\RemoveCV.h">
      <Filter>ARK-Server-API\version\Core\Public\API\UE\Templates</Filter>
    </ClInclude>
    <ClInclude Include="ARK-Server-API\version\Core\Public\API\UE\Templates\PointerIsConvertibleFromTo.h">
      <Filter>ARK-Server-API\version\Core\Public\API\UE\Templates</Filter>
    </ClInclude>
    <ClInclude Include="ARK-Server-API\version\Core\Public\API\UE\Templates\MemoryOps.h">
      <Filter>ARK-Server-API\version\Core\Public\API\UE\Templates</Filter>
    </ClInclude>
    <ClInclude Include="ARK-Server-API\version\Core\Public\API\UE\Templates\Less.h">
      <Filter>ARK-Server-API\version\Core\Public\API\UE\Templates</Filter>
    </ClInclude>
    <ClInclude Include="ARK-Server-API\version\Core\Public\API\UE\Templates\IsTriviallyDestructible.h">
      <Filter>ARK-Server-API\version\Core\Public\API\UE\Templates</Filter>
    </ClInclude>
    <ClInclude Include="ARK-Server-API\version\Core\Public\API\UE\Templates\IsTriviallyCopyConstructible.h">
      <Filter>ARK-Server-API\version\Core\Public\API\UE\Templates</Filter>
    </ClInclude>
    <ClInclude Include="ARK-Server-API\version\Core\Public\API\UE\Templates\IsTriviallyCopyAssignable.h">
      <Filter>ARK-Server-API\version\Core\Public\API\UE\Templates</Filter>
    </ClInclude>
    <ClInclude Include="ARK-Server-API\version\Core\Public\API\UE\Templates\IsPointer.h">
      <Filter>ARK-Server-API\version\Core\Public\API\UE\Templates</Filter>
    </ClInclude>
    <ClInclude Include="ARK-Server-API\version\Core\Public\API\UE\Templates\IsPODType.h">
      <Filter>ARK-Server-API\version\Core\Public\API\UE\Templates</Filter>
    </ClInclude>
    <ClInclude Include="ARK-Server-API\version\Core\Public\API\UE\Templates\IsEnumClass.h">
      <Filter>ARK-Server-API\version\Core\Public\API\UE\Templates</Filter>
    </ClInclude>
    <ClInclude Include="ARK-Server-API\version\Core\Public\API\UE\Templates\IsEnum.h">
      <Filter>ARK-Server-API\version\Core\Public\API\UE\Templates</Filter>
    </ClInclude>
    <ClInclude Include="ARK-Server-API\version\Core\Public\API\UE\Templates\IsContiguousContainer.h">
      <Filter>ARK-Server-API\version\Core\Public\API\UE\Templates</Filter>
    </ClInclude>
    <ClInclude Include="ARK-Server-API\version\Core\Public\API\UE\Templates\IsArithmetic.h">
      <Filter>ARK-Server-API\version\Core\Public\API\UE\Templates</Filter>
    </ClInclude>
    <ClInclude Include="ARK-Server-API\version\Core\Public\API\UE\Templates\Invoke.h">
      <Filter>ARK-Server-API\version\Core\Public\API\UE\Templates</Filter>
    </ClInclude>
    <ClInclude Include="ARK-Server-API\version\Core\Public\API\UE\Templates\IdentityFunctor.h">
      <Filter>ARK-Server-API\version\Core\Public\API\UE\Templates</Filter>
    </ClInclude>
    <ClInclude Include="ARK-Server-API\version\Core\Public\API\UE\Templates\HasGetTypeHash.h">
      <Filter>ARK-Server-API\version\Core\Public\API\UE\Templates</Filter>
    </ClInclude>
    <ClInclude Include="ARK-Server-API\version\Core\Public\API\UE\Templates\Function.h">
      <Filter>ARK-Server-API\version\Core\Public\API\UE\Templates</Filter>
    </ClInclude>
    <ClInclude Include="ARK-Server-API\version\Core\Public\API\UE\Templates\EnableIf.h">
      <Filter>ARK-Server-API\version\Core\Public\API\UE\Templates</Filter>
    </ClInclude>
    <ClInclude Include="ARK-Server-API\version\Core\Public\API\UE\Templates\Decay.h">
      <Filter>ARK-Server-API\version\Core\Public\API\UE\Templates</Filter>
    </ClInclude>
    <ClInclude Include="ARK-Server-API\version\Core\Public\API\UE\Templates\ChooseClass.h">
      <Filter>ARK-Server-API\version\Core\Public\API\UE\Templates</Filter>
    </ClInclude>
    <ClInclude Include="ARK-Server-API\version\Core\Public\API\UE\Templates\AreTypesEqual.h">
      <Filter>ARK-Server-API\version\Core\Public\API\UE\Templates</Filter>
    </ClInclude>
    <ClInclude Include="ARK-Server-API\version\Core\Public\API\UE\Templates\AndOrNot.h">
      <Filter>ARK-Server-API\version\Core\Public\API\UE\Templates</Filter>
    </ClInclude>
    <ClInclude Include="ARK-Server-API\version\Core\Public\API\UE\Templates\AlignmentTemplates.h">
      <Filter>ARK-Server-API\version\Core\Public\API\UE\Templates</Filter>
    </ClInclude>
    <ClInclude Include="ARK-Server-API\version\Core\Public\API\UE\NetSerialization.h">
      <Filter>ARK-Server-API\version\Core\Public\API\UE</Filter>
    </ClInclude>
    <ClInclude Include="ARK-Server-API\version\Core\Public\API\UE\Misc\StructBuilder.h">
      <Filter>ARK-Server-API\version\Core\Public\API\UE\Misc</Filter>
    </ClInclude>
    <ClInclude Include="ARK-Server-API\version\Core\Public\API\UE\Misc\CString.h">
      <Filter>ARK-Server-API\version\Core\Public\API\UE\Misc</Filter>
    </ClInclude>
    <ClInclude Include="ARK-Server-API\version\Core\Public\API\UE\Misc\Char.h">
      <Filter>ARK-Server-API\version\Core\Public\API\UE\Misc</Filter>
    </ClInclude>
    <ClInclude Include="ARK-Server-API\version\Core\Public\API\UE\Misc\ByteSwap.h">
      <Filter>ARK-Server-API\version\Core\Public\API\UE\Misc</Filter>
    </ClInclude>
    <ClInclude Include="ARK-Server-API\version\Core\Public\API\UE\Math\Vector2D.h">
      <Filter>ARK-Server-API\version\Core\Public\API\UE\Math</Filter>
    </ClInclude>
    <ClInclude Include="ARK-Server-API\version\Core\Public\API\UE\Math\Vector.h">
      <Filter>ARK-Server-API\version\Core\Public\API\UE\Math</Filter>
    </ClInclude>
    <ClInclude Include="ARK-Server-API\version\Core\Public\API\UE\Math\UnrealMathUtility.h">
      <Filter>ARK-Server-API\version\Core\Public\API\UE\Math</Filter>
    </ClInclude>
    <ClInclude Include="ARK-Server-API\version\Core\Public\API\UE\Math\Rotator.h">
      <Filter>ARK-Server-API\version\Core\Public\API\UE\Math</Filter>
    </ClInclude>
    <ClInclude Include="ARK-Server-API\version\Core\Public\API\UE\Math\Quat.h">
      <Filter>ARK-Server-API\version\Core\Public\API\UE\Math</Filter>
    </ClInclude>
    <ClInclude Include="ARK-Server-API\version\Core\Public\API\UE\Math\IntVector.h">
      <Filter>ARK-Server-API\version\Core\Public\API\UE\Math</Filter>
    </ClInclude>
    <ClInclude Include="ARK-Server-API\version\Core\Public\API\UE\Math\IntPoint.h">
      <Filter>ARK-Server-API\version\Core\Public\API\UE\Math</Filter>
    </ClInclude>
    <ClInclude Include="ARK-Server-API\version\Core\Public\API\UE\Math\ColorList.h">
      <Filter>ARK-Server-API\version\Core\Public\API\UE\Math</Filter>
    </ClInclude>
    <ClInclude Include="ARK-Server-API\version\Core\Public\API\UE\Math\Color.h">
      <Filter>ARK-Server-API\version\Core\Public\API\UE\Math</Filter>
    </ClInclude>
    <ClInclude Include="ARK-Server-API\version\Core\Public\API\UE\HAL\UnrealMemory.h">
      <Filter>ARK-Server-API\version\Core\Public\API\UE\HAL</Filter>
    </ClInclude>
    <ClInclude Include="ARK-Server-API\version\Core\Public\API\UE\GenericPlatform\GenericPlatformString.h">
      <Filter>ARK-Server-API\version\Core\Public\API\UE\GenericPlatform</Filter>
    </ClInclude>
    <ClInclude Include="ARK-Server-API\version\Core\Public\API\UE\GenericPlatform\GenericPlatformMemory.h">
      <Filter>ARK-Server-API\version\Core\Public\API\UE\GenericPlatform</Filter>
    </ClInclude>
    <ClInclude Include="ARK-Server-API\version\Core\Public\API\UE\GenericPlatform\GenericPlatformMath.h">
      <Filter>ARK-Server-API\version\Core\Public\API\UE\GenericPlatform</Filter>
    </ClInclude>
    <ClInclude Include="ARK-Server-API\version\Core\Public\API\UE\GenericPlatform\GenericPlatformAtomics.h">
      <Filter>ARK-Server-API\version\Core\Public\API\UE\GenericPlatform</Filter>
    </ClInclude>
    <ClInclude Include="ARK-Server-API\version\Core\Public\API\UE\Delegates\IntegerSequence.h">
      <Filter>ARK-Server-API\version\Core\Public\API\UE\Delegates</Filter>
    </ClInclude>
    <ClInclude Include="ARK-Server-API\version\Core\Public\API\UE\Containers\TArray.h">
      <Filter>ARK-Server-API\version\Core\Public\API\UE\Containers</Filter>
    </ClInclude>
    <ClInclude Include="ARK-Server-API\version\Core\Public\API\UE\Containers\SparseArray.h">
      <Filter>ARK-Server-API\version\Core\Public\API\UE\Containers</Filter>
    </ClInclude>
    <ClInclude Include="ARK-Server-API\version\Core\Public\API\UE\Containers\Set.h">
      <Filter>ARK-Server-API\version\Core\Public\API\UE\Containers</Filter>
    </ClInclude>
    <ClInclude Include="ARK-Server-API\version\Core\Public\API\UE\Containers\ScriptArray.h">
      <Filter>ARK-Server-API\version\Core\Public\API\UE\Containers</Filter>
    </ClInclude>
    <ClInclude Include="ARK-Server-API\version\Core\Public\API\UE\Containers\Map.h">
      <Filter>ARK-Server-API\version\Core\Public\API\UE\Containers</Filter>
    </ClInclude>
    <ClInclude Include="ARK-Server-API\version\Core\Public\API\UE\Containers\FString.h">
      <Filter>ARK-Server-API\version\Core\Public\API\UE\Containers</Filter>
    </ClInclude>
    <ClInclude Include="ARK-Server-API\version\Core\Public\API\UE\Containers\EnumAsByte.h">
      <Filter>ARK-Server-API\version\Core\Public\API\UE\Containers</Filter>
    </ClInclude>
    <ClInclude Include="ARK-Server-API\version\Core\Public\API\UE\Containers\ContainerAllocationPolicies.h">
      <Filter>ARK-Server-API\version\Core\Public\API\UE\Containers</Filter>
    </ClInclude>
    <ClInclude Include="ARK-Server-API\version\Core\Public\API\UE\Containers\BitArray.h">
      <Filter>ARK-Server-API\version\Core\Public\API\UE\Containers</Filter>
    </ClInclude>
    <ClInclude Include="ARK-Server-API\version\Core\Public\API\UE\Containers\Algo\Sort.h">
      <Filter>ARK-Server-API\version\Core\Public\API\UE\Containers\Algo</Filter>
    </ClInclude>
    <ClInclude Include="ARK-Server-API\version\Core\Public\API\UE\Containers\Algo\Reverse.h">
      <Filter>ARK-Server-API\version\Core\Public\API\UE\Containers\Algo</Filter>
    </ClInclude>
    <ClInclude Include="ARK-Server-API\version\Core\Public\API\UE\Containers\Algo\IntroSort.h">
      <Filter>ARK-Server-API\version\Core\Public\API\UE\Containers\Algo</Filter>
    </ClInclude>
    <ClInclude Include="ARK-Server-API\version\Core\Public\API\UE\Containers\Algo\Impl\BinaryHeap.h">
      <Filter>ARK-Server-API\version\Core\Public\API\UE\Containers\Algo\Impl</Filter>
    </ClInclude>
    <ClInclude Include="ARK-Server-API\version\Core\Public\API\UE\Containers\Algo\BinarySearch.h">
      <Filter>ARK-Server-API\version\Core\Public\API\UE\Containers\Algo</Filter>
    </ClInclude>
    <ClInclude Include="ARK-Server-API\version\Core\Public\API\UE\BasicTypes.h">
      <Filter>ARK-Server-API\version\Core\Public\API\UE</Filter>
    </ClInclude>
    <ClInclude Include="ARK-Server-API\version\Core\Public\API\Fields.h">
      <Filter>ARK-Server-API\version\Core\Public\API</Filter>
    </ClInclude>
    <ClInclude Include="ARK-Server-API\version\Core\Public\API\Enums.h">
      <Filter>ARK-Server-API\version\Core\Public\API</Filter>
    </ClInclude>
    <ClInclude Include="ARK-Server-API\version\Core\Public\API\Base.h">
      <Filter>ARK-Server-API\version\Core\Public\API</Filter>
    </ClInclude>
    <ClInclude Include="ARK-Server-API\version\Core\Public\API\ARK\Tribe.h">
      <Filter>ARK-Server-API\version\Core\Public\API\ARK</Filter>
    </ClInclude>
    <ClInclude Include="ARK-Server-API\version\Core\Public\API\ARK\PrimalStructure.h">
      <Filter>ARK-Server-API\version\Core\Public\API\ARK</Filter>
    </ClInclude>
    <ClInclude Include="ARK-Server-API\version\Core\Public\API\ARK\Other.h">
      <Filter>ARK-Server-API\version\Core\Public\API\ARK</Filter>
    </ClInclude>
    <ClInclude Include="ARK-Server-API\version\Core\Public\API\ARK\Inventory.h">
      <Filter>ARK-Server-API\version\Core\Public\API\ARK</Filter>
    </ClInclude>
    <ClInclude Include="ARK-Server-API\version\Core\Public\API\ARK\GameState.h">
      <Filter>ARK-Server-API\version\Core\Public\API\ARK</Filter>
    </ClInclude>
    <ClInclude Include="ARK-Server-API\version\Core\Public\API\ARK\GameMode.h">
      <Filter>ARK-Server-API\version\Core\Public\API\ARK</Filter>
    </ClInclude>
    <ClInclude Include="ARK-Server-API\version\Core\Public\API\ARK\Enums.h">
      <Filter>ARK-Server-API\version\Core\Public\API\ARK</Filter>
    </ClInclude>
    <ClInclude Include="ARK-Server-API\version\Core\Public\API\ARK\Ark.h">
      <Filter>ARK-Server-API\version\Core\Public\API\ARK</Filter>
    </ClInclude>
    <ClInclude Include="ARK-Server-API\version\Core\Public\API\ARK\Actor.h">
      <Filter>ARK-Server-API\version\Core\Public\API\ARK</Filter>
    </ClInclude>
    <ClInclude Include="ARK-Server-API\include\sqllite\sqlite_modern_cpp\utility\variant.h">
      <Filter>ARK-Server-API\include\sqllite\sqlite_modern_cpp\utility</Filter>
    </ClInclude>
    <ClInclude Include="ARK-Server-API\include\sqllite\sqlite_modern_cpp\utility\uncaught_exceptions.h">
      <Filter>ARK-Server-API\include\sqllite\sqlite_modern_cpp\utility</Filter>
    </ClInclude>
    <ClInclude Include="ARK-Server-API\include\sqllite\sqlite_modern_cpp\utility\function_traits.h">
      <Filter>ARK-Server-API\include\sqllite\sqlite_modern_cpp\utility</Filter>
    </ClInclude>
    <ClInclude Include="ARK-Server-API\include\sqllite\sqlite_modern_cpp\sqlcipher.h">
      <Filter>ARK-Server-API\include\sqllite\sqlite_modern_cpp</Filter>
    </ClInclude>
    <ClInclude Include="ARK-Server-API\include\sqllite\sqlite_modern_cpp\log.h">
      <Filter>ARK-Server-API\include\sqllite\sqlite_modern_cpp</Filter>
    </ClInclude>
    <ClInclude Include="ARK-Server-API\include\sqllite\sqlite_modern_cpp\lists\error_codes.h">
      <Filter>ARK-Server-API\include\sqllite\sqlite_modern_cpp\lists</Filter>
    </ClInclude>
    <ClInclude Include="ARK-Server-API\include\sqllite\sqlite_modern_cpp\errors.h">
      <Filter>ARK-Server-API\include\sqllite\sqlite_modern_cpp</Filter>
    </ClInclude>
    <ClInclude Include="ARK-Server-API\include\sqllite\sqlite_modern_cpp.h">
      <Filter>ARK-Server-API\include\sqllite</Filter>
    </ClInclude>
    <ClInclude Include="ARK-Server-API\include\mysql++11\polyfill\optional.hpp">
      <Filter>ARK-Server-API\include\mysql++11\polyfill</Filter>
    </ClInclude>
    <ClInclude Include="ARK-Server-API\include\mysql++11\polyfill\function_traits.h">
      <Filter>ARK-Server-API\include\mysql++11\polyfill</Filter>
    </ClInclude>
    <ClInclude Include="ARK-Server-API\include\mysql++11\polyfill\datetime.h">
      <Filter>ARK-Server-API\include\mysql++11\polyfill</Filter>
    </ClInclude>
    <ClInclude Include="ARK-Server-API\include\mysql++11\mysql\typelib.h">
      <Filter>ARK-Server-API\include\mysql++11\mysql</Filter>
    </ClInclude>
    <ClInclude Include="ARK-Server-API\include\mysql++11\mysql\thr_rwlock.h">
      <Filter>ARK-Server-API\include\mysql++11\mysql</Filter>
    </ClInclude>
    <ClInclude Include="ARK-Server-API\include\mysql++11\mysql\thr_mutex.h">
      <Filter>ARK-Server-API\include\mysql++11\mysql</Filter>
    </ClInclude>
    <ClInclude Include="ARK-Server-API\include\mysql++11\mysql\thr_cond.h">
      <Filter>ARK-Server-API\include\mysql++11\mysql</Filter>
    </ClInclude>
    <ClInclude Include="ARK-Server-API\include\mysql++11\mysql\sslopt-vars.h">
      <Filter>ARK-Server-API\include\mysql++11\mysql</Filter>
    </ClInclude>
    <ClInclude Include="ARK-Server-API\include\mysql++11\mysql\sslopt-longopts.h">
      <Filter>ARK-Server-API\include\mysql++11\mysql</Filter>
    </ClInclude>
    <ClInclude Include="ARK-Server-API\include\mysql++11\mysql\sslopt-case.h">
      <Filter>ARK-Server-API\include\mysql++11\mysql</Filter>
    </ClInclude>
    <ClInclude Include="ARK-Server-API\include\mysql++11\mysql\sql_state.h">
      <Filter>ARK-Server-API\include\mysql++11\mysql</Filter>
    </ClInclude>
    <ClInclude Include="ARK-Server-API\include\mysql++11\mysql\sql_common.h">
      <Filter>ARK-Server-API\include\mysql++11\mysql</Filter>
    </ClInclude>
    <ClInclude Include="ARK-Server-API\include\mysql++11\mysql\m_string.h">
      <Filter>ARK-Server-API\include\mysql++11\mysql</Filter>
    </ClInclude>
    <ClInclude Include="ARK-Server-API\include\mysql++11\mysql\m_ctype.h">
      <Filter>ARK-Server-API\include\mysql++11\mysql</Filter>
    </ClInclude>
    <ClInclude Include="ARK-Server-API\include\mysql++11\mysql\my_xml.h">
      <Filter>ARK-Server-API\include\mysql++11\mysql</Filter>
    </ClInclude>
    <ClInclude Include="ARK-Server-API\include\mysql++11\mysql\my_thread_local.h">
      <Filter>ARK-Server-API\include\mysql++11\mysql</Filter>
    </ClInclude>
    <ClInclude Include="ARK-Server-API\include\mysql++11\mysql\my_thread.h">
      <Filter>ARK-Server-API\include\mysql++11\mysql</Filter>
    </ClInclude>
    <ClInclude Include="ARK-Server-API\include\mysql++11\mysql\my_sys.h">
      <Filter>ARK-Server-API\include\mysql++11\mysql</Filter>
    </ClInclude>
    <ClInclude Include="ARK-Server-API\include\mysql++11\mysql\my_list.h">
      <Filter>ARK-Server-API\include\mysql++11\mysql</Filter>
    </ClInclude>
    <ClInclude Include="ARK-Server-API\include\mysql++11\mysql\my_global.h">
      <Filter>ARK-Server-API\include\mysql++11\mysql</Filter>
    </ClInclude>
    <ClInclude Include="ARK-Server-API\include\mysql++11\mysql\my_getopt.h">
      <Filter>ARK-Server-API\include\mysql++11\mysql</Filter>
    </ClInclude>
    <ClInclude Include="ARK-Server-API\include\mysql++11\mysql\my_dir.h">
      <Filter>ARK-Server-API\include\mysql++11\mysql</Filter>
    </ClInclude>
    <ClInclude Include="ARK-Server-API\include\mysql++11\mysql\my_dbug.h">
      <Filter>ARK-Server-API\include\mysql++11\mysql</Filter>
    </ClInclude>
    <ClInclude Include="ARK-Server-API\include\mysql++11\mysql\my_config.h">
      <Filter>ARK-Server-API\include\mysql++11\mysql</Filter>
    </ClInclude>
    <ClInclude Include="ARK-Server-API\include\mysql++11\mysql\my_compiler.h">
      <Filter>ARK-Server-API\include\mysql++11\mysql</Filter>
    </ClInclude>
    <ClInclude Include="ARK-Server-API\include\mysql++11\mysql\my_command.h">
      <Filter>ARK-Server-API\include\mysql++11\mysql</Filter>
    </ClInclude>
    <ClInclude Include="ARK-Server-API\include\mysql++11\mysql\my_byteorder.h">
      <Filter>ARK-Server-API\include\mysql++11\mysql</Filter>
    </ClInclude>
    <ClInclude Include="ARK-Server-API\include\mysql++11\mysql\my_alloc.h">
      <Filter>ARK-Server-API\include\mysql++11\mysql</Filter>
    </ClInclude>
    <ClInclude Include="ARK-Server-API\include\mysql++11\mysql\mysql_version.h">
      <Filter>ARK-Server-API\include\mysql++11\mysql</Filter>
    </ClInclude>
    <ClInclude Include="ARK-Server-API\include\mysql++11\mysql\mysql_time.h">
      <Filter>ARK-Server-API\include\mysql++11\mysql</Filter>
    </ClInclude>
    <ClInclude Include="ARK-Server-API\include\mysql++11\mysql\mysql_embed.h">
      <Filter>ARK-Server-API\include\mysql++11\mysql</Filter>
    </ClInclude>
    <ClInclude Include="ARK-Server-API\include\mysql++11\mysql\mysql_com_server.h">
      <Filter>ARK-Server-API\include\mysql++11\mysql</Filter>
    </ClInclude>
    <ClInclude Include="ARK-Server-API\include\mysql++11\mysql\mysql_com.h">
      <Filter>ARK-Server-API\include\mysql++11\mysql</Filter>
    </ClInclude>
    <ClInclude Include="ARK-Server-API\include\mysql++11\mysql\mysql\service_my_snprintf.h">
      <Filter>ARK-Server-API\include\mysql++11\mysql\mysql</Filter>
    </ClInclude>
    <ClInclude Include="ARK-Server-API\include\mysql++11\mysql\mysql\service_mysql_alloc.h">
      <Filter>ARK-Server-API\include\mysql++11\mysql\mysql</Filter>
    </ClInclude>
    <ClInclude Include="ARK-Server-API\include\mysql++11\mysql\mysql\psi\psi_memory.h">
      <Filter>ARK-Server-API\include\mysql++11\mysql\mysql\psi</Filter>
    </ClInclude>
    <ClInclude Include="ARK-Server-API\include\mysql++11\mysql\mysql\psi\psi_base.h">
      <Filter>ARK-Server-API\include\mysql++11\mysql\mysql\psi</Filter>
    </ClInclude>
    <ClInclude Include="ARK-Server-API\include\mysql++11\mysql\mysql\psi\psi.h">
      <Filter>ARK-Server-API\include\mysql++11\mysql\mysql\psi</Filter>
    </ClInclude>
    <ClInclude Include="ARK-Server-API\include\mysql++11\mysql\mysql\psi\mysql_transaction.h">
      <Filter>ARK-Server-API\include\mysql++11\mysql\mysql\psi</Filter>
    </ClInclude>
    <ClInclude Include="ARK-Server-API\include\mysql++11\mysql\mysql\psi\mysql_thread.h">
      <Filter>ARK-Server-API\include\mysql++11\mysql\mysql\psi</Filter>
    </ClInclude>
    <ClInclude Include="ARK-Server-API\include\mysql++11\mysql\mysql\psi\mysql_table.h">
      <Filter>ARK-Server-API\include\mysql++11\mysql\mysql\psi</Filter>
    </ClInclude>
    <ClInclude Include="ARK-Server-API\include\mysql++11\mysql\mysql\psi\mysql_statement.h">
      <Filter>ARK-Server-API\include\mysql++11\mysql\mysql\psi</Filter>
    </ClInclude>
    <ClInclude Include="ARK-Server-API\include\mysql++11\mysql\mysql\psi\mysql_stage.h">
      <Filter>ARK-Server-API\include\mysql++11\mysql\mysql\psi</Filter>
    </ClInclude>
    <ClInclude Include="ARK-Server-API\include\mysql++11\mysql\mysql\psi\mysql_sp.h">
      <Filter>ARK-Server-API\include\mysql++11\mysql\mysql\psi</Filter>
    </ClInclude>
    <ClInclude Include="ARK-Server-API\include\mysql++11\mysql\mysql\psi\mysql_socket.h">
      <Filter>ARK-Server-API\include\mysql++11\mysql\mysql\psi</Filter>
    </ClInclude>
    <ClInclude Include="ARK-Server-API\include\mysql++11\mysql\mysql\psi\mysql_ps.h">
      <Filter>ARK-Server-API\include\mysql++11\mysql\mysql\psi</Filter>
    </ClInclude>
    <ClInclude Include="ARK-Server-API\include\mysql++11\mysql\mysql\psi\mysql_memory.h">
      <Filter>ARK-Server-API\include\mysql++11\mysql\mysql\psi</Filter>
    </ClInclude>
    <ClInclude Include="ARK-Server-API\include\mysql++11\mysql\mysql\psi\mysql_mdl.h">
      <Filter>ARK-Server-API\include\mysql++11\mysql\mysql\psi</Filter>
    </ClInclude>
    <ClInclude Include="ARK-Server-API\include\mysql++11\mysql\mysql\psi\mysql_idle.h">
      <Filter>ARK-Server-API\include\mysql++11\mysql\mysql\psi</Filter>
    </ClInclude>
    <ClInclude Include="ARK-Server-API\include\mysql++11\mysql\mysql\psi\mysql_file.h">
      <Filter>ARK-Server-API\include\mysql++11\mysql\mysql\psi</Filter>
    </ClInclude>
    <ClInclude Include="ARK-Server-API\include\mysql++11\mysql\mysql\plugin_trace.h">
      <Filter>ARK-Server-API\include\mysql++11\mysql\mysql</Filter>
    </ClInclude>
    <ClInclude Include="ARK-Server-API\include\mysql++11\mysql\mysql\plugin_auth_common.h">
      <Filter>ARK-Server-API\include\mysql++11\mysql\mysql</Filter>
    </ClInclude>
    <ClInclude Include="ARK-Server-API\include\mysql++11\mysql\mysql\mysql_lex_string.h">
      <Filter>ARK-Server-API\include\mysql++11\mysql\mysql</Filter>
    </ClInclude>
    <ClInclude Include="ARK-Server-API\include\mysql++11\mysql\mysql\get_password.h">
      <Filter>ARK-Server-API\include\mysql++11\mysql\mysql</Filter>
    </ClInclude>
    <ClInclude Include="ARK-Server-API\include\mysql++11\mysql\mysql\client_plugin.h">
      <Filter>ARK-Server-API\include\mysql++11\mysql\mysql</Filter>
    </ClInclude>
    <ClInclude Include="ARK-Server-API\include\mysql++11\mysql\mysql\client_authentication.h">
      <Filter>ARK-Server-API\include\mysql++11\mysql\mysql</Filter>
    </ClInclude>
    <ClInclude Include="ARK-Server-API\include\mysql++11\mysql\mysqld_error.h">
      <Filter>ARK-Server-API\include\mysql++11\mysql</Filter>
    </ClInclude>
    <ClInclude Include="ARK-Server-API\include\mysql++11\mysql\mysqld_ername.h">
      <Filter>ARK-Server-API\include\mysql++11\mysql</Filter>
    </ClInclude>
    <ClInclude Include="ARK-Server-API\include\mysql++11\mysql\mysql.h">
      <Filter>ARK-Server-API\include\mysql++11\mysql</Filter>
    </ClInclude>
    <ClInclude Include="ARK-Server-API\include\mysql++11\mysql\little_endian.h">
      <Filter>ARK-Server-API\include\mysql++11\mysql</Filter>
    </ClInclude>
    <ClInclude Include="ARK-Server-API\include\mysql++11\mysql\keycache.h">
      <Filter>ARK-Server-API\include\mysql++11\mysql</Filter>
    </ClInclude>
    <ClInclude Include="ARK-Server-API\include\mysql++11\mysql\errmsg.h">
      <Filter>ARK-Server-API\include\mysql++11\mysql</Filter>
    </ClInclude>
    <ClInclude Include="ARK-Server-API\include\mysql++11\mysql\decimal.h">
      <Filter>ARK-Server-API\include\mysql++11\mysql</Filter>
    </ClInclude>
    <ClInclude Include="ARK-Server-API\include\mysql++11\mysql\byte_order_generic_x86.h">
      <Filter>ARK-Server-API\include\mysql++11\mysql</Filter>
    </ClInclude>
    <ClInclude Include="ARK-Server-API\include\mysql++11\mysql\byte_order_generic.h">
      <Filter>ARK-Server-API\include\mysql++11\mysql</Filter>
    </ClInclude>
    <ClInclude Include="ARK-Server-API\include\mysql++11\mysql\binary_log_types.h">
      <Filter>ARK-Server-API\include\mysql++11\mysql</Filter>
    </ClInclude>
    <ClInclude Include="ARK-Server-API\include\mysql++11\mysql\big_endian.h">
      <Filter>ARK-Server-API\include\mysql++11\mysql</Filter>
    </ClInclude>
    <ClInclude Include="ARK-Server-API\include\mysql++11\mysql++11.h">
      <Filter>ARK-Server-API\include\mysql++11</Filter>
    </ClInclude>
    <ClInclude Include="ARK-Server-API\include\curl\curl\urlapi.h">
      <Filter>ARK-Server-API\include\curl\curl</Filter>
    </ClInclude>
    <ClInclude Include="ARK-Server-API\include\curl\curl\typecheck-gcc.h">
      <Filter>ARK-Server-API\include\curl\curl</Filter>
    </ClInclude>
    <ClInclude Include="ARK-Server-API\include\curl\curl\system.h">
      <Filter>ARK-Server-API\include\curl\curl</Filter>
    </ClInclude>
    <ClInclude Include="ARK-Server-API\include\curl\curl\stdcheaders.h">
      <Filter>ARK-Server-API\include\curl\curl</Filter>
    </ClInclude>
    <ClInclude Include="ARK-Server-API\include\curl\curl\multi.h">
      <Filter>ARK-Server-API\include\curl\curl</Filter>
    </ClInclude>
    <ClInclude Include="ARK-Server-API\include\curl\curl\mprintf.h">
      <Filter>ARK-Server-API\include\curl\curl</Filter>
    </ClInclude>
    <ClInclude Include="ARK-Server-API\include\curl\curl\easy.h">
      <Filter>ARK-Server-API\include\curl\curl</Filter>
    </ClInclude>
    <ClInclude Include="ARK-Server-API\include\curl\curl\curlver.h">
      <Filter>ARK-Server-API\include\curl\curl</Filter>
    </ClInclude>
    <ClInclude Include="ARK-Server-API\include\curl\curl\curl.h">
      <Filter>ARK-Server-API\include\curl\curl</Filter>
    </ClInclude>
  </ItemGroup>
  <ItemGroup>
    <Library Include="ARK-Server-API\out_lib\ArkApi.lib">
      <Filter>ARK-Server-API\out_lib</Filter>
    </Library>
    <Library Include="ARK-Server-API\lib\ssleay32.lib">
      <Filter>ARK-Server-API\lib</Filter>
    </Library>
    <Library Include="ARK-Server-API\lib\mysqlclient.lib">
      <Filter>ARK-Server-API\lib</Filter>
    </Library>
    <Library Include="ARK-Server-API\lib\libmysql.lib">
      <Filter>ARK-Server-API\lib</Filter>
    </Library>
    <Library Include="ARK-Server-API\lib\libMinHook.x64.lib">
      <Filter>ARK-Server-API\lib</Filter>
    </Library>
    <Library Include="ARK-Server-API\lib\libeay32.lib">
      <Filter>ARK-Server-API\lib</Filter>
    </Library>
    <Library Include="ARK-Server-API\lib\libcurl.lib">
      <Filter>ARK-Server-API\lib</Filter>
    </Library>
  </ItemGroup>
  <ItemGroup>
    <None Include="packages.config" />
  </ItemGroup>
</Project>